
Microsoft Visual Studio Solution File, Format Version 12.00
# Visual Studio Version 17
VisualStudioVersion = 17.12.35527.113 d17.12
MinimumVisualStudioVersion = 10.0.40219.1
Project("{FAE04EC0-301F-11D3-BF4B-00C04F79EFBC}") = "AspNetMVCMultiPage", "AspNetMVCMultiPage\AspNetMVCMultiPage.csproj", "{D00FF738-6A05-4455-AFD9-1B6DFEC6EB68}"
EndProject
Global
	GlobalSection(SolutionConfigurationPlatforms) = preSolution
		Debug|Any CPU = Debug|Any CPU
		Release|Any CPU = Release|Any CPU
	EndGlobalSection
	GlobalSection(ProjectConfigurationPlatforms) = postSolution
		{D00FF738-6A05-4455-AFD9-1B6DFEC6EB68}.Debug|Any CPU.ActiveCfg = Debug|Any CPU
		{D00FF738-6A05-4455-AFD9-1B6DFEC6EB68}.Debug|Any CPU.Build.0 = Debug|Any CPU
		{D00FF738-6A05-4455-AFD9-1B6DFEC6EB68}.Release|Any CPU.ActiveCfg = Release|Any CPU
		{D00FF738-6A05-4455-AFD9-1B6DFEC6EB68}.Release|Any CPU.Build.0 = Release|Any CPU
	EndGlobalSection
	GlobalSection(SolutionProperties) = preSolution
		HideSolutionNode = FALSE
	EndGlobalSection
EndGlobal
